
Microsoft Visual Studio Solution File, Format Version 12.00
# Visual Studio Version 17
VisualStudioVersion = 17.3.32901.215
MinimumVisualStudioVersion = 10.0.40219.1
Project("{9A19103F-16F7-4668-BE54-9A1E7A4F7556}") = "DiagonalDifference", "DiagonalDifference\DiagonalDifference.csproj", "{551C9870-8F61-4BB6-AAA3-1CE25FAE6FCF}"
EndProject
Project("{9A19103F-16F7-4668-BE54-9A1E7A4F7556}") = "PlusMinus", "PlusMinus\PlusMinus.csproj", "{D3A16D46-70F1-412B-B455-FD06FF9FE980}"
EndProject
Project("{9A19103F-16F7-4668-BE54-9A1E7A4F7556}") = "Staircase", "Staircase\Staircase.csproj", "{56CA501A-6149-4570-B613-538C1A38FB70}"
EndProject
Project("{9A19103F-16F7-4668-BE54-9A1E7A4F7556}") = "MinMax", "MinMax\MinMax.csproj", "{F24BACF9-A02F-4D62-8141-20F9346402FE}"
EndProject
Project("{FAE04EC0-301F-11D3-BF4B-00C04F79EFBC}") = "BirthdayCake", "BirthdayCake\BirthdayCake.csproj", "{62A089BC-DA69-4BDE-8A80-7504534D1A7C}"
EndProject
Project("{FAE04EC0-301F-11D3-BF4B-00C04F79EFBC}") = "ClockConverter", "ClockConverter\ClockConverter.csproj", "{6206E44D-B7AD-4F45-8121-27F83198F3AF}"
EndProject
Global
	GlobalSection(SolutionConfigurationPlatforms) = preSolution
		Debug|Any CPU = Debug|Any CPU
		Release|Any CPU = Release|Any CPU
	EndGlobalSection
	GlobalSection(ProjectConfigurationPlatforms) = postSolution
		{551C9870-8F61-4BB6-AAA3-1CE25FAE6FCF}.Debug|Any CPU.ActiveCfg = Debug|Any CPU
		{551C9870-8F61-4BB6-AAA3-1CE25FAE6FCF}.Debug|Any CPU.Build.0 = Debug|Any CPU
		{551C9870-8F61-4BB6-AAA3-1CE25FAE6FCF}.Release|Any CPU.ActiveCfg = Release|Any CPU
		{551C9870-8F61-4BB6-AAA3-1CE25FAE6FCF}.Release|Any CPU.Build.0 = Release|Any CPU
		{D3A16D46-70F1-412B-B455-FD06FF9FE980}.Debug|Any CPU.ActiveCfg = Debug|Any CPU
		{D3A16D46-70F1-412B-B455-FD06FF9FE980}.Debug|Any CPU.Build.0 = Debug|Any CPU
		{D3A16D46-70F1-412B-B455-FD06FF9FE980}.Release|Any CPU.ActiveCfg = Release|Any CPU
		{D3A16D46-70F1-412B-B455-FD06FF9FE980}.Release|Any CPU.Build.0 = Release|Any CPU
		{56CA501A-6149-4570-B613-538C1A38FB70}.Debug|Any CPU.ActiveCfg = Debug|Any CPU
		{56CA501A-6149-4570-B613-538C1A38FB70}.Debug|Any CPU.Build.0 = Debug|Any CPU
		{56CA501A-6149-4570-B613-538C1A38FB70}.Release|Any CPU.ActiveCfg = Release|Any CPU
		{56CA501A-6149-4570-B613-538C1A38FB70}.Release|Any CPU.Build.0 = Release|Any CPU
		{F24BACF9-A02F-4D62-8141-20F9346402FE}.Debug|Any CPU.ActiveCfg = Debug|Any CPU
		{F24BACF9-A02F-4D62-8141-20F9346402FE}.Debug|Any CPU.Build.0 = Debug|Any CPU
		{F24BACF9-A02F-4D62-8141-20F9346402FE}.Release|Any CPU.ActiveCfg = Release|Any CPU
		{F24BACF9-A02F-4D62-8141-20F9346402FE}.Release|Any CPU.Build.0 = Release|Any CPU
		{62A089BC-DA69-4BDE-8A80-7504534D1A7C}.Debug|Any CPU.ActiveCfg = Debug|Any CPU
		{62A089BC-DA69-4BDE-8A80-7504534D1A7C}.Debug|Any CPU.Build.0 = Debug|Any CPU
		{62A089BC-DA69-4BDE-8A80-7504534D1A7C}.Release|Any CPU.ActiveCfg = Release|Any CPU
		{62A089BC-DA69-4BDE-8A80-7504534D1A7C}.Release|Any CPU.Build.0 = Release|Any CPU
		{6206E44D-B7AD-4F45-8121-27F83198F3AF}.Debug|Any CPU.ActiveCfg = Debug|Any CPU
		{6206E44D-B7AD-4F45-8121-27F83198F3AF}.Debug|Any CPU.Build.0 = Debug|Any CPU
		{6206E44D-B7AD-4F45-8121-27F83198F3AF}.Release|Any CPU.ActiveCfg = Release|Any CPU
		{6206E44D-B7AD-4F45-8121-27F83198F3AF}.Release|Any CPU.Build.0 = Release|Any CPU
	EndGlobalSection
	GlobalSection(SolutionProperties) = preSolution
		HideSolutionNode = FALSE
	EndGlobalSection
	GlobalSection(ExtensibilityGlobals) = postSolution
		SolutionGuid = {42FAF6F5-444E-4ED5-B914-CBAFC471B53F}
	EndGlobalSection
EndGlobal
